
Microsoft Visual Studio Solution File, Format Version 12.00
# Visual Studio Version 17
VisualStudioVersion = 17.5.002.0
MinimumVisualStudioVersion = 10.0.40219.1
Project("{9A19103F-16F7-4668-BE54-9A1E7A4F7556}") = "API", "API.csproj", "{8F09487F-699F-450E-B7EE-613BF0C66595}"
EndProject
Global
	GlobalSection(SolutionConfigurationPlatforms) = preSolution
		Debug|Any CPU = Debug|Any CPU
		Release|Any CPU = Release|Any CPU
	EndGlobalSection
	GlobalSection(ProjectConfigurationPlatforms) = postSolution
		{8F09487F-699F-450E-B7EE-613BF0C66595}.Debug|Any CPU.ActiveCfg = Debug|Any CPU
		{8F09487F-699F-450E-B7EE-613BF0C66595}.Debug|Any CPU.Build.0 = Debug|Any CPU
		{8F09487F-699F-450E-B7EE-613BF0C66595}.Release|Any CPU.ActiveCfg = Release|Any CPU
		{8F09487F-699F-450E-B7EE-613BF0C66595}.Release|Any CPU.Build.0 = Release|Any CPU
	EndGlobalSection
	GlobalSection(SolutionProperties) = preSolution
		HideSolutionNode = FALSE
	EndGlobalSection
	GlobalSection(ExtensibilityGlobals) = postSolution
		SolutionGuid = {648A80F4-2AB0-4E8F-8FC3-41DABDC72D2F}
	EndGlobalSection
EndGlobal
